
Microsoft Visual Studio Solution File, Format Version 12.00
# Visual Studio Version 17
VisualStudioVersion = 17.5.33414.496
MinimumVisualStudioVersion = 10.0.40219.1
Project("{FAE04EC0-301F-11D3-BF4B-00C04F79EFBC}") = "Graduation project system", "Graduation project system.csproj", "{8D868226-C8A3-449F-BE57-DA43797BA05F}"
EndProject
Global
	GlobalSection(SolutionConfigurationPlatforms) = preSolution
		Debug|Any CPU = Debug|Any CPU
		Release|Any CPU = Release|Any CPU
	EndGlobalSection
	GlobalSection(ProjectConfigurationPlatforms) = postSolution
		{8D868226-C8A3-449F-BE57-DA43797BA05F}.Debug|Any CPU.ActiveCfg = Debug|Any CPU
		{8D868226-C8A3-449F-BE57-DA43797BA05F}.Debug|Any CPU.Build.0 = Debug|Any CPU
		{8D868226-C8A3-449F-BE57-DA43797BA05F}.Release|Any CPU.ActiveCfg = Release|Any CPU
		{8D868226-C8A3-449F-BE57-DA43797BA05F}.Release|Any CPU.Build.0 = Release|Any CPU
	EndGlobalSection
	GlobalSection(SolutionProperties) = preSolution
		HideSolutionNode = FALSE
	EndGlobalSection
	GlobalSection(ExtensibilityGlobals) = postSolution
		SolutionGuid = {062B72DC-70A3-41C0-86CC-8622759DD231}
	EndGlobalSection
EndGlobal
